
Microsoft Visual Studio Solution File, Format Version 12.00
# Visual Studio Version 17
VisualStudioVersion = 17.6.33815.320
MinimumVisualStudioVersion = 10.0.40219.1
Project("{FAE04EC0-301F-11D3-BF4B-00C04F79EFBC}") = "MVVM_4", "MVVM_4\MVVM_4.csproj", "{0AAB0CA6-D9FC-426B-8ACB-411962FD6A02}"
EndProject
Global
	GlobalSection(SolutionConfigurationPlatforms) = preSolution
		Debug|Any CPU = Debug|Any CPU
		Release|Any CPU = Release|Any CPU
	EndGlobalSection
	GlobalSection(ProjectConfigurationPlatforms) = postSolution
		{0AAB0CA6-D9FC-426B-8ACB-411962FD6A02}.Debug|Any CPU.ActiveCfg = Debug|Any CPU
		{0AAB0CA6-D9FC-426B-8ACB-411962FD6A02}.Debug|Any CPU.Build.0 = Debug|Any CPU
		{0AAB0CA6-D9FC-426B-8ACB-411962FD6A02}.Release|Any CPU.ActiveCfg = Release|Any CPU
		{0AAB0CA6-D9FC-426B-8ACB-411962FD6A02}.Release|Any CPU.Build.0 = Release|Any CPU
	EndGlobalSection
	GlobalSection(SolutionProperties) = preSolution
		HideSolutionNode = FALSE
	EndGlobalSection
	GlobalSection(ExtensibilityGlobals) = postSolution
		SolutionGuid = {15024BDC-43E5-4DF4-A452-808E55146B9E}
	EndGlobalSection
EndGlobal
